{
  "nodes": {
    "nixpkgs": {
      "info": {
        "lastModified": 1588545675,
        "narHash": "sha256-s9k0K9xuMwO5E6XLahRO9nZZaVjXdOQHA1+dQSlUTWw="
      },
      "locked": {
        "owner": "NixOS",
        "repo": "nixpkgs",
        "rev": "e02043eaae5ab26cc5e689bffff58c50026e4bed",
        "type": "github"
      },
      "original": {
        "id": "nixpkgs",
        "type": "indirect"
      }
    },
    "root": {
      "inputs": {
        "nixpkgs": "nixpkgs"
      }
    }
  },
  "root": "root",
  "version": 5
}
