{
  "nodes": {
    "nixpkgs": {
      "info": {
        "lastModified": 1588545675,
        "narHash": "sha256-s9k0K9xuMwO5E6XLahRO9nZZaVjXdOQHA1+dQSlUTWw="
      },
      "locked": {
        "owner": "NixOS",
        "repo": "nixpkgs",
        "rev": "e02043eaae5ab26cc5e689bffff58c50026e4bed",
        "type": "github"
      },
      "original": {
        "id": "nixpkgs",
        "type": "indirect"
      }
    },
    "root": {
      "inputs": {
        "nixpkgs": "nixpkgs",
        "utils": "utils"
      }
    },
    "utils": {
      "info": {
        "lastModified": 1588452686,
        "narHash": "sha256-IVzQPDjRt4hCJpSl9i14AUP/fG/Y+7UAr+HrGFSs864="
      },
      "locked": {
        "owner": "numtide",
        "repo": "flake-utils",
        "rev": "18a33a4d4410bf4386572b4ef7296b5786ec2fa9",
        "type": "github"
      },
      "original": {
        "owner": "numtide",
        "repo": "flake-utils",
        "type": "github"
      }
    }
  },
  "root": "root",
  "version": 5
}
