{
  "nodes": {
    "flake-utils": {
      "info": {
        "lastModified": 1590791977,
        "narHash": "sha256-l26u9vRsdV9jkoBGlzFxTKLKtrZ38xCMZIG9h9ibFjQ="
      },
      "locked": {
        "owner": "numtide",
        "repo": "flake-utils",
        "rev": "4fbce19a7a9647154a35f0e856d52171c41e14a4",
        "type": "github"
      },
      "original": {
        "owner": "numtide",
        "repo": "flake-utils",
        "type": "github"
      }
    },
    "nixpkgs": {
      "info": {
        "lastModified": 1588975048,
        "narHash": "sha256-jNjc7AvZJ9ijBRhgUbEbU/yUrDGiooe6KU5DSGkt+5Y="
      },
      "locked": {
        "owner": "NixOS",
        "repo": "nixpkgs",
        "rev": "3a6161785a73a12d9104e39f77c4193759ef8091",
        "type": "github"
      },
      "original": {
        "id": "nixpkgs",
        "type": "indirect"
      }
    },
    "root": {
      "inputs": {
        "flake-utils": "flake-utils",
        "nixpkgs": "nixpkgs"
      }
    }
  },
  "root": "root",
  "version": 5
}
